<?xml version="1.0" encoding="utf-8"?>
<Project ToolsVersion="4.0" xmlns="http://schemas.microsoft.com/developer/msbuild/2003">
  <ItemGroup>
    <Filter Include="solutions">
      <UniqueIdentifier>{7a6d7dbc-6ce2-40f9-a0e3-000c2812e4e5}</UniqueIdentifier>
    </Filter>
  </ItemGroup>
  <ItemGroup>
    <ClCompile Include="..\src\main.cpp" />
    <ClCompile Include="..\src\solutions\ProjectEuler001.cpp">
      <Filter>solutions</Filter>
    </ClCompile>
  </ItemGroup>
  <ItemGroup>
    <ClInclude Include="..\src\solutions\ProjectEuler001.h">
      <Filter>solutions</Filter>
    </ClInclude>
  </ItemGroup>
</Project>